
Microsoft Visual Studio Solution File, Format Version 12.00
# Visual Studio Version 17
VisualStudioVersion = 17.1.32328.378
MinimumVisualStudioVersion = 10.0.40219.1
Project("{9A19103F-16F7-4668-BE54-9A1E7A4F7556}") = "MovieProject", "MovieProject\MovieProject.csproj", "{3AD621E6-E48B-49A0-BD3E-3A3000F86CEA}"
EndProject
Project("{9A19103F-16F7-4668-BE54-9A1E7A4F7556}") = "Domain", "Domain\Domain.csproj", "{8698CE62-C911-4024-B1DC-2D18413C6825}"
EndProject
Project("{9A19103F-16F7-4668-BE54-9A1E7A4F7556}") = "Application", "Application\Application.csproj", "{D23F52DD-EDAB-4948-A96E-D6E198BD653A}"
EndProject
Project("{9A19103F-16F7-4668-BE54-9A1E7A4F7556}") = "Persistence", "Persistence\Persistence.csproj", "{177D81CF-CE81-4175-A362-F1C2B365A78D}"
EndProject
Project("{FAE04EC0-301F-11D3-BF4B-00C04F79EFBC}") = "MovieProjectTest", "MovieProjectTest\MovieProjectTest.csproj", "{6EB0B42D-B41F-4DB6-B919-C86D1B5DECE1}"
EndProject
Global
	GlobalSection(SolutionConfigurationPlatforms) = preSolution
		Debug|Any CPU = Debug|Any CPU
		Release|Any CPU = Release|Any CPU
	EndGlobalSection
	GlobalSection(ProjectConfigurationPlatforms) = postSolution
		{3AD621E6-E48B-49A0-BD3E-3A3000F86CEA}.Debug|Any CPU.ActiveCfg = Debug|Any CPU
		{3AD621E6-E48B-49A0-BD3E-3A3000F86CEA}.Debug|Any CPU.Build.0 = Debug|Any CPU
		{3AD621E6-E48B-49A0-BD3E-3A3000F86CEA}.Release|Any CPU.ActiveCfg = Release|Any CPU
		{3AD621E6-E48B-49A0-BD3E-3A3000F86CEA}.Release|Any CPU.Build.0 = Release|Any CPU
		{8698CE62-C911-4024-B1DC-2D18413C6825}.Debug|Any CPU.ActiveCfg = Debug|Any CPU
		{8698CE62-C911-4024-B1DC-2D18413C6825}.Debug|Any CPU.Build.0 = Debug|Any CPU
		{8698CE62-C911-4024-B1DC-2D18413C6825}.Release|Any CPU.ActiveCfg = Release|Any CPU
		{8698CE62-C911-4024-B1DC-2D18413C6825}.Release|Any CPU.Build.0 = Release|Any CPU
		{D23F52DD-EDAB-4948-A96E-D6E198BD653A}.Debug|Any CPU.ActiveCfg = Debug|Any CPU
		{D23F52DD-EDAB-4948-A96E-D6E198BD653A}.Debug|Any CPU.Build.0 = Debug|Any CPU
		{D23F52DD-EDAB-4948-A96E-D6E198BD653A}.Release|Any CPU.ActiveCfg = Release|Any CPU
		{D23F52DD-EDAB-4948-A96E-D6E198BD653A}.Release|Any CPU.Build.0 = Release|Any CPU
		{177D81CF-CE81-4175-A362-F1C2B365A78D}.Debug|Any CPU.ActiveCfg = Debug|Any CPU
		{177D81CF-CE81-4175-A362-F1C2B365A78D}.Debug|Any CPU.Build.0 = Debug|Any CPU
		{177D81CF-CE81-4175-A362-F1C2B365A78D}.Release|Any CPU.ActiveCfg = Release|Any CPU
		{177D81CF-CE81-4175-A362-F1C2B365A78D}.Release|Any CPU.Build.0 = Release|Any CPU
		{6EB0B42D-B41F-4DB6-B919-C86D1B5DECE1}.Debug|Any CPU.ActiveCfg = Debug|Any CPU
		{6EB0B42D-B41F-4DB6-B919-C86D1B5DECE1}.Debug|Any CPU.Build.0 = Debug|Any CPU
		{6EB0B42D-B41F-4DB6-B919-C86D1B5DECE1}.Release|Any CPU.ActiveCfg = Release|Any CPU
		{6EB0B42D-B41F-4DB6-B919-C86D1B5DECE1}.Release|Any CPU.Build.0 = Release|Any CPU
	EndGlobalSection
	GlobalSection(SolutionProperties) = preSolution
		HideSolutionNode = FALSE
	EndGlobalSection
	GlobalSection(ExtensibilityGlobals) = postSolution
		SolutionGuid = {C97EC3BD-9E69-42E8-8BDE-2AE535E5A74E}
	EndGlobalSection
EndGlobal
